
Microsoft Visual Studio Solution File, Format Version 12.00
# Visual Studio 15
VisualStudioVersion = 15.0.26730.8
MinimumVisualStudioVersion = 10.0.40219.1
Project("{FAE04EC0-301F-11D3-BF4B-00C04F79EFBC}") = "Minicurso.Android", "Minicurso\Minicurso.Android\Minicurso.Android.csproj", "{CA2C5A1F-6A6D-4B3D-9CD8-4ECB4088BB01}"
EndProject
Project("{FAE04EC0-301F-11D3-BF4B-00C04F79EFBC}") = "Minicurso", "Minicurso\Minicurso\Minicurso.csproj", "{EA427828-6859-47B2-9ACE-B2D8BCE5CAF4}"
EndProject
Project("{FAE04EC0-301F-11D3-BF4B-00C04F79EFBC}") = "Minicurso.UWP", "Minicurso\Minicurso.UWP\Minicurso.UWP.csproj", "{C6C8EE79-ED75-444C-838F-B0A7AAB4EF20}"
EndProject
Project("{FAE04EC0-301F-11D3-BF4B-00C04F79EFBC}") = "Minicurso.iOS", "Minicurso\Minicurso.iOS\Minicurso.iOS.csproj", "{AFE5D308-1B10-417F-A8A4-1E5DF7F47F0C}"
EndProject
Global
	GlobalSection(SolutionConfigurationPlatforms) = preSolution
		Ad-Hoc|Any CPU = Ad-Hoc|Any CPU
		Ad-Hoc|ARM = Ad-Hoc|ARM
		Ad-Hoc|iPhone = Ad-Hoc|iPhone
		Ad-Hoc|iPhoneSimulator = Ad-Hoc|iPhoneSimulator
		Ad-Hoc|x64 = Ad-Hoc|x64
		Ad-Hoc|x86 = Ad-Hoc|x86
		AppStore|Any CPU = AppStore|Any CPU
		AppStore|ARM = AppStore|ARM
		AppStore|iPhone = AppStore|iPhone
		AppStore|iPhoneSimulator = AppStore|iPhoneSimulator
		AppStore|x64 = AppStore|x64
		AppStore|x86 = AppStore|x86
		Debug|Any CPU = Debug|Any CPU
		Debug|ARM = Debug|ARM
		Debug|iPhone = Debug|iPhone
		Debug|iPhoneSimulator = Debug|iPhoneSimulator
		Debug|x64 = Debug|x64
		Debug|x86 = Debug|x86
		Release|Any CPU = Release|Any CPU
		Release|ARM = Release|ARM
		Release|iPhone = Release|iPhone
		Release|iPhoneSimulator = Release|iPhoneSimulator
		Release|x64 = Release|x64
		Release|x86 = Release|x86
	EndGlobalSection
	GlobalSection(ProjectConfigurationPlatforms) = postSolution
		{CA2C5A1F-6A6D-4B3D-9CD8-4ECB4088BB01}.Ad-Hoc|Any CPU.ActiveCfg = Release|Any CPU
		{CA2C5A1F-6A6D-4B3D-9CD8-4ECB4088BB01}.Ad-Hoc|Any CPU.Build.0 = Release|Any CPU
		{CA2C5A1F-6A6D-4B3D-9CD8-4ECB4088BB01}.Ad-Hoc|Any CPU.Deploy.0 = Release|Any CPU
		{CA2C5A1F-6A6D-4B3D-9CD8-4ECB4088BB01}.Ad-Hoc|ARM.ActiveCfg = Release|Any CPU
		{CA2C5A1F-6A6D-4B3D-9CD8-4ECB4088BB01}.Ad-Hoc|ARM.Build.0 = Release|Any CPU
		{CA2C5A1F-6A6D-4B3D-9CD8-4ECB4088BB01}.Ad-Hoc|ARM.Deploy.0 = Release|Any CPU
		{CA2C5A1F-6A6D-4B3D-9CD8-4ECB4088BB01}.Ad-Hoc|iPhone.ActiveCfg = Release|Any CPU
		{CA2C5A1F-6A6D-4B3D-9CD8-4ECB4088BB01}.Ad-Hoc|iPhone.Build.0 = Release|Any CPU
		{CA2C5A1F-6A6D-4B3D-9CD8-4ECB4088BB01}.Ad-Hoc|iPhone.Deploy.0 = Release|Any CPU
		{CA2C5A1F-6A6D-4B3D-9CD8-4ECB4088BB01}.Ad-Hoc|iPhoneSimulator.ActiveCfg = Release|Any CPU
		{CA2C5A1F-6A6D-4B3D-9CD8-4ECB4088BB01}.Ad-Hoc|iPhoneSimulator.Build.0 = Release|Any CPU
		{CA2C5A1F-6A6D-4B3D-9CD8-4ECB4088BB01}.Ad-Hoc|iPhoneSimulator.Deploy.0 = Release|Any CPU
		{CA2C5A1F-6A6D-4B3D-9CD8-4ECB4088BB01}.Ad-Hoc|x64.ActiveCfg = Release|Any CPU
		{CA2C5A1F-6A6D-4B3D-9CD8-4ECB4088BB01}.Ad-Hoc|x64.Build.0 = Release|Any CPU
		{CA2C5A1F-6A6D-4B3D-9CD8-4ECB4088BB01}.Ad-Hoc|x64.Deploy.0 = Release|Any CPU
		{CA2C5A1F-6A6D-4B3D-9CD8-4ECB4088BB01}.Ad-Hoc|x86.ActiveCfg = Release|Any CPU
		{CA2C5A1F-6A6D-4B3D-9CD8-4ECB4088BB01}.Ad-Hoc|x86.Build.0 = Release|Any CPU
		{CA2C5A1F-6A6D-4B3D-9CD8-4ECB4088BB01}.Ad-Hoc|x86.Deploy.0 = Release|Any CPU
		{CA2C5A1F-6A6D-4B3D-9CD8-4ECB4088BB01}.AppStore|Any CPU.ActiveCfg = Release|Any CPU
		{CA2C5A1F-6A6D-4B3D-9CD8-4ECB4088BB01}.AppStore|Any CPU.Build.0 = Release|Any CPU
		{CA2C5A1F-6A6D-4B3D-9CD8-4ECB4088BB01}.AppStore|Any CPU.Deploy.0 = Release|Any CPU
		{CA2C5A1F-6A6D-4B3D-9CD8-4ECB4088BB01}.AppStore|ARM.ActiveCfg = Release|Any CPU
		{CA2C5A1F-6A6D-4B3D-9CD8-4ECB4088BB01}.AppStore|ARM.Build.0 = Release|Any CPU
		{CA2C5A1F-6A6D-4B3D-9CD8-4ECB4088BB01}.AppStore|ARM.Deploy.0 = Release|Any CPU
		{CA2C5A1F-6A6D-4B3D-9CD8-4ECB4088BB01}.AppStore|iPhone.ActiveCfg = Release|Any CPU
		{CA2C5A1F-6A6D-4B3D-9CD8-4ECB4088BB01}.AppStore|iPhone.Build.0 = Release|Any CPU
		{CA2C5A1F-6A6D-4B3D-9CD8-4ECB4088BB01}.AppStore|iPhone.Deploy.0 = Release|Any CPU
		{CA2C5A1F-6A6D-4B3D-9CD8-4ECB4088BB01}.AppStore|iPhoneSimulator.ActiveCfg = Release|Any CPU
		{CA2C5A1F-6A6D-4B3D-9CD8-4ECB4088BB01}.AppStore|iPhoneSimulator.Build.0 = Release|Any CPU
		{CA2C5A1F-6A6D-4B3D-9CD8-4ECB4088BB01}.AppStore|iPhoneSimulator.Deploy.0 = Release|Any CPU
		{CA2C5A1F-6A6D-4B3D-9CD8-4ECB4088BB01}.AppStore|x64.ActiveCfg = Release|Any CPU
		{CA2C5A1F-6A6D-4B3D-9CD8-4ECB4088BB01}.AppStore|x64.Build.0 = Release|Any CPU
		{CA2C5A1F-6A6D-4B3D-9CD8-4ECB4088BB01}.AppStore|x64.Deploy.0 = Release|Any CPU
		{CA2C5A1F-6A6D-4B3D-9CD8-4ECB4088BB01}.AppStore|x86.ActiveCfg = Release|Any CPU
		{CA2C5A1F-6A6D-4B3D-9CD8-4ECB4088BB01}.AppStore|x86.Build.0 = Release|Any CPU
		{CA2C5A1F-6A6D-4B3D-9CD8-4ECB4088BB01}.AppStore|x86.Deploy.0 = Release|Any CPU
		{CA2C5A1F-6A6D-4B3D-9CD8-4ECB4088BB01}.Debug|Any CPU.ActiveCfg = Debug|Any CPU
		{CA2C5A1F-6A6D-4B3D-9CD8-4ECB4088BB01}.Debug|Any CPU.Build.0 = Debug|Any CPU
		{CA2C5A1F-6A6D-4B3D-9CD8-4ECB4088BB01}.Debug|Any CPU.Deploy.0 = Debug|Any CPU
		{CA2C5A1F-6A6D-4B3D-9CD8-4ECB4088BB01}.Debug|ARM.ActiveCfg = Debug|Any CPU
		{CA2C5A1F-6A6D-4B3D-9CD8-4ECB4088BB01}.Debug|ARM.Build.0 = Debug|Any CPU
		{CA2C5A1F-6A6D-4B3D-9CD8-4ECB4088BB01}.Debug|ARM.Deploy.0 = Debug|Any CPU
		{CA2C5A1F-6A6D-4B3D-9CD8-4ECB4088BB01}.Debug|iPhone.ActiveCfg = Debug|Any CPU
		{CA2C5A1F-6A6D-4B3D-9CD8-4ECB4088BB01}.Debug|iPhone.Build.0 = Debug|Any CPU
		{CA2C5A1F-6A6D-4B3D-9CD8-4ECB4088BB01}.Debug|iPhone.Deploy.0 = Debug|Any CPU
		{CA2C5A1F-6A6D-4B3D-9CD8-4ECB4088BB01}.Debug|iPhoneSimulator.ActiveCfg = Debug|Any CPU
		{CA2C5A1F-6A6D-4B3D-9CD8-4ECB4088BB01}.Debug|iPhoneSimulator.Build.0 = Debug|Any CPU
		{CA2C5A1F-6A6D-4B3D-9CD8-4ECB4088BB01}.Debug|iPhoneSimulator.Deploy.0 = Debug|Any CPU
		{CA2C5A1F-6A6D-4B3D-9CD8-4ECB4088BB01}.Debug|x64.ActiveCfg = Debug|Any CPU
		{CA2C5A1F-6A6D-4B3D-9CD8-4ECB4088BB01}.Debug|x64.Build.0 = Debug|Any CPU
		{CA2C5A1F-6A6D-4B3D-9CD8-4ECB4088BB01}.Debug|x64.Deploy.0 = Debug|Any CPU
		{CA2C5A1F-6A6D-4B3D-9CD8-4ECB4088BB01}.Debug|x86.ActiveCfg = Debug|Any CPU
		{CA2C5A1F-6A6D-4B3D-9CD8-4ECB4088BB01}.Debug|x86.Build.0 = Debug|Any CPU
		{CA2C5A1F-6A6D-4B3D-9CD8-4ECB4088BB01}.Debug|x86.Deploy.0 = Debug|Any CPU
		{CA2C5A1F-6A6D-4B3D-9CD8-4ECB4088BB01}.Release|Any CPU.ActiveCfg = Release|Any CPU
		{CA2C5A1F-6A6D-4B3D-9CD8-4ECB4088BB01}.Release|Any CPU.Build.0 = Release|Any CPU
		{CA2C5A1F-6A6D-4B3D-9CD8-4ECB4088BB01}.Release|Any CPU.Deploy.0 = Release|Any CPU
		{CA2C5A1F-6A6D-4B3D-9CD8-4ECB4088BB01}.Release|ARM.ActiveCfg = Release|Any CPU
		{CA2C5A1F-6A6D-4B3D-9CD8-4ECB4088BB01}.Release|ARM.Build.0 = Release|Any CPU
		{CA2C5A1F-6A6D-4B3D-9CD8-4ECB4088BB01}.Release|ARM.Deploy.0 = Release|Any CPU
		{CA2C5A1F-6A6D-4B3D-9CD8-4ECB4088BB01}.Release|iPhone.ActiveCfg = Release|Any CPU
		{CA2C5A1F-6A6D-4B3D-9CD8-4ECB4088BB01}.Release|iPhone.Build.0 = Release|Any CPU
		{CA2C5A1F-6A6D-4B3D-9CD8-4ECB4088BB01}.Release|iPhone.Deploy.0 = Release|Any CPU
		{CA2C5A1F-6A6D-4B3D-9CD8-4ECB4088BB01}.Release|iPhoneSimulator.ActiveCfg = Release|Any CPU
		{CA2C5A1F-6A6D-4B3D-9CD8-4ECB4088BB01}.Release|iPhoneSimulator.Build.0 = Release|Any CPU
		{CA2C5A1F-6A6D-4B3D-9CD8-4ECB4088BB01}.Release|iPhoneSimulator.Deploy.0 = Release|Any CPU
		{CA2C5A1F-6A6D-4B3D-9CD8-4ECB4088BB01}.Release|x64.ActiveCfg = Release|Any CPU
		{CA2C5A1F-6A6D-4B3D-9CD8-4ECB4088BB01}.Release|x64.Build.0 = Release|Any CPU
		{CA2C5A1F-6A6D-4B3D-9CD8-4ECB4088BB01}.Release|x64.Deploy.0 = Release|Any CPU
		{CA2C5A1F-6A6D-4B3D-9CD8-4ECB4088BB01}.Release|x86.ActiveCfg = Release|Any CPU
		{CA2C5A1F-6A6D-4B3D-9CD8-4ECB4088BB01}.Release|x86.Build.0 = Release|Any CPU
		{CA2C5A1F-6A6D-4B3D-9CD8-4ECB4088BB01}.Release|x86.Deploy.0 = Release|Any CPU
		{EA427828-6859-47B2-9ACE-B2D8BCE5CAF4}.Ad-Hoc|Any CPU.ActiveCfg = Release|Any CPU
		{EA427828-6859-47B2-9ACE-B2D8BCE5CAF4}.Ad-Hoc|Any CPU.Build.0 = Release|Any CPU
		{EA427828-6859-47B2-9ACE-B2D8BCE5CAF4}.Ad-Hoc|ARM.ActiveCfg = Release|Any CPU
		{EA427828-6859-47B2-9ACE-B2D8BCE5CAF4}.Ad-Hoc|ARM.Build.0 = Release|Any CPU
		{EA427828-6859-47B2-9ACE-B2D8BCE5CAF4}.Ad-Hoc|iPhone.ActiveCfg = Release|Any CPU
		{EA427828-6859-47B2-9ACE-B2D8BCE5CAF4}.Ad-Hoc|iPhone.Build.0 = Release|Any CPU
		{EA427828-6859-47B2-9ACE-B2D8BCE5CAF4}.Ad-Hoc|iPhoneSimulator.ActiveCfg = Release|Any CPU
		{EA427828-6859-47B2-9ACE-B2D8BCE5CAF4}.Ad-Hoc|iPhoneSimulator.Build.0 = Release|Any CPU
		{EA427828-6859-47B2-9ACE-B2D8BCE5CAF4}.Ad-Hoc|x64.ActiveCfg = Release|Any CPU
		{EA427828-6859-47B2-9ACE-B2D8BCE5CAF4}.Ad-Hoc|x64.Build.0 = Release|Any CPU
		{EA427828-6859-47B2-9ACE-B2D8BCE5CAF4}.Ad-Hoc|x86.ActiveCfg = Release|Any CPU
		{EA427828-6859-47B2-9ACE-B2D8BCE5CAF4}.Ad-Hoc|x86.Build.0 = Release|Any CPU
		{EA427828-6859-47B2-9ACE-B2D8BCE5CAF4}.AppStore|Any CPU.ActiveCfg = Release|Any CPU
		{EA427828-6859-47B2-9ACE-B2D8BCE5CAF4}.AppStore|Any CPU.Build.0 = Release|Any CPU
		{EA427828-6859-47B2-9ACE-B2D8BCE5CAF4}.AppStore|ARM.ActiveCfg = Release|Any CPU
		{EA427828-6859-47B2-9ACE-B2D8BCE5CAF4}.AppStore|ARM.Build.0 = Release|Any CPU
		{EA427828-6859-47B2-9ACE-B2D8BCE5CAF4}.AppStore|iPhone.ActiveCfg = Release|Any CPU
		{EA427828-6859-47B2-9ACE-B2D8BCE5CAF4}.AppStore|iPhone.Build.0 = Release|Any CPU
		{EA427828-6859-47B2-9ACE-B2D8BCE5CAF4}.AppStore|iPhoneSimulator.ActiveCfg = Release|Any CPU
		{EA427828-6859-47B2-9ACE-B2D8BCE5CAF4}.AppStore|iPhoneSimulator.Build.0 = Release|Any CPU
		{EA427828-6859-47B2-9ACE-B2D8BCE5CAF4}.AppStore|x64.ActiveCfg = Release|Any CPU
		{EA427828-6859-47B2-9ACE-B2D8BCE5CAF4}.AppStore|x64.Build.0 = Release|Any CPU
		{EA427828-6859-47B2-9ACE-B2D8BCE5CAF4}.AppStore|x86.ActiveCfg = Release|Any CPU
		{EA427828-6859-47B2-9ACE-B2D8BCE5CAF4}.AppStore|x86.Build.0 = Release|Any CPU
		{EA427828-6859-47B2-9ACE-B2D8BCE5CAF4}.Debug|Any CPU.ActiveCfg = Debug|Any CPU
		{EA427828-6859-47B2-9ACE-B2D8BCE5CAF4}.Debug|Any CPU.Build.0 = Debug|Any CPU
		{EA427828-6859-47B2-9ACE-B2D8BCE5CAF4}.Debug|ARM.ActiveCfg = Debug|Any CPU
		{EA427828-6859-47B2-9ACE-B2D8BCE5CAF4}.Debug|ARM.Build.0 = Debug|Any CPU
		{EA427828-6859-47B2-9ACE-B2D8BCE5CAF4}.Debug|iPhone.ActiveCfg = Debug|Any CPU
		{EA427828-6859-47B2-9ACE-B2D8BCE5CAF4}.Debug|iPhone.Build.0 = Debug|Any CPU
		{EA427828-6859-47B2-9ACE-B2D8BCE5CAF4}.Debug|iPhoneSimulator.ActiveCfg = Debug|Any CPU
		{EA427828-6859-47B2-9ACE-B2D8BCE5CAF4}.Debug|iPhoneSimulator.Build.0 = Debug|Any CPU
		{EA427828-6859-47B2-9ACE-B2D8BCE5CAF4}.Debug|x64.ActiveCfg = Debug|Any CPU
		{EA427828-6859-47B2-9ACE-B2D8BCE5CAF4}.Debug|x64.Build.0 = Debug|Any CPU
		{EA427828-6859-47B2-9ACE-B2D8BCE5CAF4}.Debug|x86.ActiveCfg = Debug|Any CPU
		{EA427828-6859-47B2-9ACE-B2D8BCE5CAF4}.Debug|x86.Build.0 = Debug|Any CPU
		{EA427828-6859-47B2-9ACE-B2D8BCE5CAF4}.Release|Any CPU.ActiveCfg = Release|Any CPU
		{EA427828-6859-47B2-9ACE-B2D8BCE5CAF4}.Release|Any CPU.Build.0 = Release|Any CPU
		{EA427828-6859-47B2-9ACE-B2D8BCE5CAF4}.Release|ARM.ActiveCfg = Release|Any CPU
		{EA427828-6859-47B2-9ACE-B2D8BCE5CAF4}.Release|ARM.Build.0 = Release|Any CPU
		{EA427828-6859-47B2-9ACE-B2D8BCE5CAF4}.Release|iPhone.ActiveCfg = Release|Any CPU
		{EA427828-6859-47B2-9ACE-B2D8BCE5CAF4}.Release|iPhone.Build.0 = Release|Any CPU
		{EA427828-6859-47B2-9ACE-B2D8BCE5CAF4}.Release|iPhoneSimulator.ActiveCfg = Release|Any CPU
		{EA427828-6859-47B2-9ACE-B2D8BCE5CAF4}.Release|iPhoneSimulator.Build.0 = Release|Any CPU
		{EA427828-6859-47B2-9ACE-B2D8BCE5CAF4}.Release|x64.ActiveCfg = Release|Any CPU
		{EA427828-6859-47B2-9ACE-B2D8BCE5CAF4}.Release|x64.Build.0 = Release|Any CPU
		{EA427828-6859-47B2-9ACE-B2D8BCE5CAF4}.Release|x86.ActiveCfg = Release|Any CPU
		{EA427828-6859-47B2-9ACE-B2D8BCE5CAF4}.Release|x86.Build.0 = Release|Any CPU
		{C6C8EE79-ED75-444C-838F-B0A7AAB4EF20}.Ad-Hoc|Any CPU.ActiveCfg = Release|x86
		{C6C8EE79-ED75-444C-838F-B0A7AAB4EF20}.Ad-Hoc|Any CPU.Build.0 = Release|x86
		{C6C8EE79-ED75-444C-838F-B0A7AAB4EF20}.Ad-Hoc|Any CPU.Deploy.0 = Release|x86
		{C6C8EE79-ED75-444C-838F-B0A7AAB4EF20}.Ad-Hoc|ARM.ActiveCfg = Release|ARM
		{C6C8EE79-ED75-444C-838F-B0A7AAB4EF20}.Ad-Hoc|ARM.Build.0 = Release|ARM
		{C6C8EE79-ED75-444C-838F-B0A7AAB4EF20}.Ad-Hoc|ARM.Deploy.0 = Release|ARM
		{C6C8EE79-ED75-444C-838F-B0A7AAB4EF20}.Ad-Hoc|iPhone.ActiveCfg = Release|x86
		{C6C8EE79-ED75-444C-838F-B0A7AAB4EF20}.Ad-Hoc|iPhone.Build.0 = Release|x86
		{C6C8EE79-ED75-444C-838F-B0A7AAB4EF20}.Ad-Hoc|iPhone.Deploy.0 = Release|x86
		{C6C8EE79-ED75-444C-838F-B0A7AAB4EF20}.Ad-Hoc|iPhoneSimulator.ActiveCfg = Release|x86
		{C6C8EE79-ED75-444C-838F-B0A7AAB4EF20}.Ad-Hoc|iPhoneSimulator.Build.0 = Release|x86
		{C6C8EE79-ED75-444C-838F-B0A7AAB4EF20}.Ad-Hoc|iPhoneSimulator.Deploy.0 = Release|x86
		{C6C8EE79-ED75-444C-838F-B0A7AAB4EF20}.Ad-Hoc|x64.ActiveCfg = Release|x64
		{C6C8EE79-ED75-444C-838F-B0A7AAB4EF20}.Ad-Hoc|x64.Build.0 = Release|x64
		{C6C8EE79-ED75-444C-838F-B0A7AAB4EF20}.Ad-Hoc|x64.Deploy.0 = Release|x64
		{C6C8EE79-ED75-444C-838F-B0A7AAB4EF20}.Ad-Hoc|x86.ActiveCfg = Release|x86
		{C6C8EE79-ED75-444C-838F-B0A7AAB4EF20}.Ad-Hoc|x86.Build.0 = Release|x86
		{C6C8EE79-ED75-444C-838F-B0A7AAB4EF20}.Ad-Hoc|x86.Deploy.0 = Release|x86
		{C6C8EE79-ED75-444C-838F-B0A7AAB4EF20}.AppStore|Any CPU.ActiveCfg = Release|x86
		{C6C8EE79-ED75-444C-838F-B0A7AAB4EF20}.AppStore|Any CPU.Build.0 = Release|x86
		{C6C8EE79-ED75-444C-838F-B0A7AAB4EF20}.AppStore|Any CPU.Deploy.0 = Release|x86
		{C6C8EE79-ED75-444C-838F-B0A7AAB4EF20}.AppStore|ARM.ActiveCfg = Release|ARM
		{C6C8EE79-ED75-444C-838F-B0A7AAB4EF20}.AppStore|ARM.Build.0 = Release|ARM
		{C6C8EE79-ED75-444C-838F-B0A7AAB4EF20}.AppStore|ARM.Deploy.0 = Release|ARM
		{C6C8EE79-ED75-444C-838F-B0A7AAB4EF20}.AppStore|iPhone.ActiveCfg = Release|x86
		{C6C8EE79-ED75-444C-838F-B0A7AAB4EF20}.AppStore|iPhone.Build.0 = Release|x86
		{C6C8EE79-ED75-444C-838F-B0A7AAB4EF20}.AppStore|iPhone.Deploy.0 = Release|x86
		{C6C8EE79-ED75-444C-838F-B0A7AAB4EF20}.AppStore|iPhoneSimulator.ActiveCfg = Release|x86
		{C6C8EE79-ED75-444C-838F-B0A7AAB4EF20}.AppStore|iPhoneSimulator.Build.0 = Release|x86
		{C6C8EE79-ED75-444C-838F-B0A7AAB4EF20}.AppStore|iPhoneSimulator.Deploy.0 = Release|x86
		{C6C8EE79-ED75-444C-838F-B0A7AAB4EF20}.AppStore|x64.ActiveCfg = Release|x64
		{C6C8EE79-ED75-444C-838F-B0A7AAB4EF20}.AppStore|x64.Build.0 = Release|x64
		{C6C8EE79-ED75-444C-838F-B0A7AAB4EF20}.AppStore|x64.Deploy.0 = Release|x64
		{C6C8EE79-ED75-444C-838F-B0A7AAB4EF20}.AppStore|x86.ActiveCfg = Release|x86
		{C6C8EE79-ED75-444C-838F-B0A7AAB4EF20}.AppStore|x86.Build.0 = Release|x86
		{C6C8EE79-ED75-444C-838F-B0A7AAB4EF20}.AppStore|x86.Deploy.0 = Release|x86
		{C6C8EE79-ED75-444C-838F-B0A7AAB4EF20}.Debug|Any CPU.ActiveCfg = Debug|x86
		{C6C8EE79-ED75-444C-838F-B0A7AAB4EF20}.Debug|ARM.ActiveCfg = Debug|ARM
		{C6C8EE79-ED75-444C-838F-B0A7AAB4EF20}.Debug|ARM.Build.0 = Debug|ARM
		{C6C8EE79-ED75-444C-838F-B0A7AAB4EF20}.Debug|ARM.Deploy.0 = Debug|ARM
		{C6C8EE79-ED75-444C-838F-B0A7AAB4EF20}.Debug|iPhone.ActiveCfg = Debug|x86
		{C6C8EE79-ED75-444C-838F-B0A7AAB4EF20}.Debug|iPhoneSimulator.ActiveCfg = Debug|x86
		{C6C8EE79-ED75-444C-838F-B0A7AAB4EF20}.Debug|x64.ActiveCfg = Debug|x64
		{C6C8EE79-ED75-444C-838F-B0A7AAB4EF20}.Debug|x64.Build.0 = Debug|x64
		{C6C8EE79-ED75-444C-838F-B0A7AAB4EF20}.Debug|x64.Deploy.0 = Debug|x64
		{C6C8EE79-ED75-444C-838F-B0A7AAB4EF20}.Debug|x86.ActiveCfg = Debug|x86
		{C6C8EE79-ED75-444C-838F-B0A7AAB4EF20}.Debug|x86.Build.0 = Debug|x86
		{C6C8EE79-ED75-444C-838F-B0A7AAB4EF20}.Debug|x86.Deploy.0 = Debug|x86
		{C6C8EE79-ED75-444C-838F-B0A7AAB4EF20}.Release|Any CPU.ActiveCfg = Release|x86
		{C6C8EE79-ED75-444C-838F-B0A7AAB4EF20}.Release|ARM.ActiveCfg = Release|ARM
		{C6C8EE79-ED75-444C-838F-B0A7AAB4EF20}.Release|ARM.Build.0 = Release|ARM
		{C6C8EE79-ED75-444C-838F-B0A7AAB4EF20}.Release|ARM.Deploy.0 = Release|ARM
		{C6C8EE79-ED75-444C-838F-B0A7AAB4EF20}.Release|iPhone.ActiveCfg = Release|x86
		{C6C8EE79-ED75-444C-838F-B0A7AAB4EF20}.Release|iPhoneSimulator.ActiveCfg = Release|x86
		{C6C8EE79-ED75-444C-838F-B0A7AAB4EF20}.Release|x64.ActiveCfg = Release|x64
		{C6C8EE79-ED75-444C-838F-B0A7AAB4EF20}.Release|x64.Build.0 = Release|x64
		{C6C8EE79-ED75-444C-838F-B0A7AAB4EF20}.Release|x64.Deploy.0 = Release|x64
		{C6C8EE79-ED75-444C-838F-B0A7AAB4EF20}.Release|x86.ActiveCfg = Release|x86
		{C6C8EE79-ED75-444C-838F-B0A7AAB4EF20}.Release|x86.Build.0 = Release|x86
		{C6C8EE79-ED75-444C-838F-B0A7AAB4EF20}.Release|x86.Deploy.0 = Release|x86
		{AFE5D308-1B10-417F-A8A4-1E5DF7F47F0C}.Ad-Hoc|Any CPU.ActiveCfg = Ad-Hoc|iPhone
		{AFE5D308-1B10-417F-A8A4-1E5DF7F47F0C}.Ad-Hoc|ARM.ActiveCfg = Ad-Hoc|iPhone
		{AFE5D308-1B10-417F-A8A4-1E5DF7F47F0C}.Ad-Hoc|iPhone.ActiveCfg = Ad-Hoc|iPhone
		{AFE5D308-1B10-417F-A8A4-1E5DF7F47F0C}.Ad-Hoc|iPhone.Build.0 = Ad-Hoc|iPhone
		{AFE5D308-1B10-417F-A8A4-1E5DF7F47F0C}.Ad-Hoc|iPhoneSimulator.ActiveCfg = Ad-Hoc|iPhoneSimulator
		{AFE5D308-1B10-417F-A8A4-1E5DF7F47F0C}.Ad-Hoc|iPhoneSimulator.Build.0 = Ad-Hoc|iPhoneSimulator
		{AFE5D308-1B10-417F-A8A4-1E5DF7F47F0C}.Ad-Hoc|x64.ActiveCfg = Ad-Hoc|iPhone
		{AFE5D308-1B10-417F-A8A4-1E5DF7F47F0C}.Ad-Hoc|x86.ActiveCfg = Ad-Hoc|iPhone
		{AFE5D308-1B10-417F-A8A4-1E5DF7F47F0C}.AppStore|Any CPU.ActiveCfg = AppStore|iPhone
		{AFE5D308-1B10-417F-A8A4-1E5DF7F47F0C}.AppStore|ARM.ActiveCfg = AppStore|iPhone
		{AFE5D308-1B10-417F-A8A4-1E5DF7F47F0C}.AppStore|iPhone.ActiveCfg = AppStore|iPhone
		{AFE5D308-1B10-417F-A8A4-1E5DF7F47F0C}.AppStore|iPhone.Build.0 = AppStore|iPhone
		{AFE5D308-1B10-417F-A8A4-1E5DF7F47F0C}.AppStore|iPhoneSimulator.ActiveCfg = AppStore|iPhoneSimulator
		{AFE5D308-1B10-417F-A8A4-1E5DF7F47F0C}.AppStore|iPhoneSimulator.Build.0 = AppStore|iPhoneSimulator
		{AFE5D308-1B10-417F-A8A4-1E5DF7F47F0C}.AppStore|x64.ActiveCfg = AppStore|iPhone
		{AFE5D308-1B10-417F-A8A4-1E5DF7F47F0C}.AppStore|x86.ActiveCfg = AppStore|iPhone
		{AFE5D308-1B10-417F-A8A4-1E5DF7F47F0C}.Debug|Any CPU.ActiveCfg = Debug|iPhone
		{AFE5D308-1B10-417F-A8A4-1E5DF7F47F0C}.Debug|ARM.ActiveCfg = Debug|iPhone
		{AFE5D308-1B10-417F-A8A4-1E5DF7F47F0C}.Debug|iPhone.ActiveCfg = Debug|iPhone
		{AFE5D308-1B10-417F-A8A4-1E5DF7F47F0C}.Debug|iPhone.Build.0 = Debug|iPhone
		{AFE5D308-1B10-417F-A8A4-1E5DF7F47F0C}.Debug|iPhoneSimulator.ActiveCfg = Debug|iPhoneSimulator
		{AFE5D308-1B10-417F-A8A4-1E5DF7F47F0C}.Debug|iPhoneSimulator.Build.0 = Debug|iPhoneSimulator
		{AFE5D308-1B10-417F-A8A4-1E5DF7F47F0C}.Debug|x64.ActiveCfg = Debug|iPhone
		{AFE5D308-1B10-417F-A8A4-1E5DF7F47F0C}.Debug|x86.ActiveCfg = Debug|iPhone
		{AFE5D308-1B10-417F-A8A4-1E5DF7F47F0C}.Release|Any CPU.ActiveCfg = Release|iPhone
		{AFE5D308-1B10-417F-A8A4-1E5DF7F47F0C}.Release|ARM.ActiveCfg = Release|iPhone
		{AFE5D308-1B10-417F-A8A4-1E5DF7F47F0C}.Release|iPhone.ActiveCfg = Release|iPhone
		{AFE5D308-1B10-417F-A8A4-1E5DF7F47F0C}.Release|iPhone.Build.0 = Release|iPhone
		{AFE5D308-1B10-417F-A8A4-1E5DF7F47F0C}.Release|iPhoneSimulator.ActiveCfg = Release|iPhoneSimulator
		{AFE5D308-1B10-417F-A8A4-1E5DF7F47F0C}.Release|iPhoneSimulator.Build.0 = Release|iPhoneSimulator
		{AFE5D308-1B10-417F-A8A4-1E5DF7F47F0C}.Release|x64.ActiveCfg = Release|iPhone
		{AFE5D308-1B10-417F-A8A4-1E5DF7F47F0C}.Release|x86.ActiveCfg = Release|iPhone
	EndGlobalSection
	GlobalSection(SolutionProperties) = preSolution
		HideSolutionNode = FALSE
	EndGlobalSection
	GlobalSection(ExtensibilityGlobals) = postSolution
		SolutionGuid = {52F2E55D-5CE3-4491-A56A-22BF9E815C4A}
	EndGlobalSection
EndGlobal
